
Microsoft Visual Studio Solution File, Format Version 12.00
# Visual Studio Version 17
VisualStudioVersion = 17.8.34316.72
MinimumVisualStudioVersion = 10.0.40219.1
Project("{FAE04EC0-301F-11D3-BF4B-00C04F79EFBC}") = "VillagesPro", "VillagesPro\VillagesPro.csproj", "{9B659382-CD3B-4807-A994-68B4F0FA02BB}"
EndProject
Global
	GlobalSection(SolutionConfigurationPlatforms) = preSolution
		Debug|Any CPU = Debug|Any CPU
		Release|Any CPU = Release|Any CPU
	EndGlobalSection
	GlobalSection(ProjectConfigurationPlatforms) = postSolution
		{9B659382-CD3B-4807-A994-68B4F0FA02BB}.Debug|Any CPU.ActiveCfg = Debug|Any CPU
		{9B659382-CD3B-4807-A994-68B4F0FA02BB}.Debug|Any CPU.Build.0 = Debug|Any CPU
		{9B659382-CD3B-4807-A994-68B4F0FA02BB}.Release|Any CPU.ActiveCfg = Release|Any CPU
		{9B659382-CD3B-4807-A994-68B4F0FA02BB}.Release|Any CPU.Build.0 = Release|Any CPU
	EndGlobalSection
	GlobalSection(SolutionProperties) = preSolution
		HideSolutionNode = FALSE
	EndGlobalSection
	GlobalSection(ExtensibilityGlobals) = postSolution
		SolutionGuid = {8024E828-C581-44EE-AB55-14E558F11E0C}
	EndGlobalSection
EndGlobal
